// !$*UTF8*$!
{
	archiveVersion = 1;
	classes = {
	};
	objectVersion = 56;
	objects = {

/* Begin PBXBuildFile section */
		5709916C2BE9DE4B00B765BE /* FoodPinApp.swift in Sources */ = {isa = PBXBuildFile; fileRef = 5709916B2BE9DE4B00B765BE /* FoodPinApp.swift */; };
		5709916E2BE9DE4B00B765BE /* RestaurantListView.swift in Sources */ = {isa = PBXBuildFile; fileRef = 5709916D2BE9DE4B00B765BE /* RestaurantListView.swift */; };
		570991702BE9DE4B00B765BE /* Item.swift in Sources */ = {isa = PBXBuildFile; fileRef = 5709916F2BE9DE4B00B765BE /* Item.swift */; };
		570991722BE9DE4C00B765BE /* Assets.xcassets in Resources */ = {isa = PBXBuildFile; fileRef = 570991712BE9DE4C00B765BE /* Assets.xcassets */; };
		570991762BE9DE4C00B765BE /* Preview Assets.xcassets in Resources */ = {isa = PBXBuildFile; fileRef = 570991752BE9DE4C00B765BE /* Preview Assets.xcassets */; };
		5709917D2BE9E1CA00B765BE /* Section7WorkView.swift in Sources */ = {isa = PBXBuildFile; fileRef = 5709917C2BE9E1CA00B765BE /* Section7WorkView.swift */; };
		5709917F2BE9E93300B765BE /* Restaurant.swift in Sources */ = {isa = PBXBuildFile; fileRef = 5709917E2BE9E93300B765BE /* Restaurant.swift */; };
		570991832BE9F29D00B765BE /* ActivityView.swift in Sources */ = {isa = PBXBuildFile; fileRef = 570991822BE9F29D00B765BE /* ActivityView.swift */; };
		570991852BEA03F800B765BE /* RestaurantDetailView.swift in Sources */ = {isa = PBXBuildFile; fileRef = 570991842BEA03F800B765BE /* RestaurantDetailView.swift */; };
		576DD94F2BEA1C35008392B7 /* Nunito-Regular.ttf in Resources */ = {isa = PBXBuildFile; fileRef = 576DD94D2BEA1C35008392B7 /* Nunito-Regular.ttf */; };
		576DD9502BEA1C35008392B7 /* Nunito-Bold.ttf in Resources */ = {isa = PBXBuildFile; fileRef = 576DD94E2BEA1C35008392B7 /* Nunito-Bold.ttf */; };
		57E40FEF2BEB1E1500E34A03 /* UIColor+Ext.swift in Sources */ = {isa = PBXBuildFile; fileRef = 57E40FEE2BEB1E1500E34A03 /* UIColor+Ext.swift */; };
		57E40FF12BEB26C500E34A03 /* MapView.swift in Sources */ = {isa = PBXBuildFile; fileRef = 57E40FF02BEB26C500E34A03 /* MapView.swift */; };
		57E40FF32BEB362E00E34A03 /* ReviewView.swift in Sources */ = {isa = PBXBuildFile; fileRef = 57E40FF22BEB362E00E34A03 /* ReviewView.swift */; };
/* End PBXBuildFile section */

/* Begin PBXFileReference section */
		570991682BE9DE4B00B765BE /* FoodPin.app */ = {isa = PBXFileReference; explicitFileType = wrapper.application; includeInIndex = 0; path = FoodPin.app; sourceTree = BUILT_PRODUCTS_DIR; };
		5709916B2BE9DE4B00B765BE /* FoodPinApp.swift */ = {isa = PBXFileReference; lastKnownFileType = sourcecode.swift; path = FoodPinApp.swift; sourceTree = "<group>"; };
		5709916D2BE9DE4B00B765BE /* RestaurantListView.swift */ = {isa = PBXFileReference; lastKnownFileType = sourcecode.swift; path = RestaurantListView.swift; sourceTree = "<group>"; };
		5709916F2BE9DE4B00B765BE /* Item.swift */ = {isa = PBXFileReference; lastKnownFileType = sourcecode.swift; path = Item.swift; sourceTree = "<group>"; };
		570991712BE9DE4C00B765BE /* Assets.xcassets */ = {isa = PBXFileReference; lastKnownFileType = folder.assetcatalog; path = Assets.xcassets; sourceTree = "<group>"; };
		570991732BE9DE4C00B765BE /* FoodPin.entitlements */ = {isa = PBXFileReference; lastKnownFileType = text.plist.entitlements; path = FoodPin.entitlements; sourceTree = "<group>"; };
		570991752BE9DE4C00B765BE /* Preview Assets.xcassets */ = {isa = PBXFileReference; lastKnownFileType = folder.assetcatalog; path = "Preview Assets.xcassets"; sourceTree = "<group>"; };
		5709917C2BE9E1CA00B765BE /* Section7WorkView.swift */ = {isa = PBXFileReference; lastKnownFileType = sourcecode.swift; path = Section7WorkView.swift; sourceTree = "<group>"; };
		5709917E2BE9E93300B765BE /* Restaurant.swift */ = {isa = PBXFileReference; lastKnownFileType = sourcecode.swift; path = Restaurant.swift; sourceTree = "<group>"; };
		570991822BE9F29D00B765BE /* ActivityView.swift */ = {isa = PBXFileReference; lastKnownFileType = sourcecode.swift; path = ActivityView.swift; sourceTree = "<group>"; };
		570991842BEA03F800B765BE /* RestaurantDetailView.swift */ = {isa = PBXFileReference; lastKnownFileType = sourcecode.swift; path = RestaurantDetailView.swift; sourceTree = "<group>"; };
		576DD94C2BEA1BB8008392B7 /* Info.plist */ = {isa = PBXFileReference; lastKnownFileType = text.plist; path = Info.plist; sourceTree = "<group>"; };
		576DD94D2BEA1C35008392B7 /* Nunito-Regular.ttf */ = {isa = PBXFileReference; lastKnownFileType = file; path = "Nunito-Regular.ttf"; sourceTree = "<group>"; };
		576DD94E2BEA1C35008392B7 /* Nunito-Bold.ttf */ = {isa = PBXFileReference; lastKnownFileType = file; path = "Nunito-Bold.ttf"; sourceTree = "<group>"; };
		57E40FEE2BEB1E1500E34A03 /* UIColor+Ext.swift */ = {isa = PBXFileReference; lastKnownFileType = sourcecode.swift; path = "UIColor+Ext.swift"; sourceTree = "<group>"; };
		57E40FF02BEB26C500E34A03 /* MapView.swift */ = {isa = PBXFileReference; lastKnownFileType = sourcecode.swift; path = MapView.swift; sourceTree = "<group>"; };
		57E40FF22BEB362E00E34A03 /* ReviewView.swift */ = {isa = PBXFileReference; lastKnownFileType = sourcecode.swift; path = ReviewView.swift; sourceTree = "<group>"; };
/* End PBXFileReference section */

/* Begin PBXFrameworksBuildPhase section */
		570991652BE9DE4B00B765BE /* Frameworks */ = {
			isa = PBXFrameworksBuildPhase;
			buildActionMask = 2147483647;
			files = (
			);
			runOnlyForDeploymentPostprocessing = 0;
		};
/* End PBXFrameworksBuildPhase section */

/* Begin PBXGroup section */
		5709915F2BE9DE4B00B765BE = {
			isa = PBXGroup;
			children = (
				5709916A2BE9DE4B00B765BE /* FoodPin */,
				570991692BE9DE4B00B765BE /* Products */,
			);
			sourceTree = "<group>";
		};
		570991692BE9DE4B00B765BE /* Products */ = {
			isa = PBXGroup;
			children = (
				570991682BE9DE4B00B765BE /* FoodPin.app */,
			);
			name = Products;
			sourceTree = "<group>";
		};
		5709916A2BE9DE4B00B765BE /* FoodPin */ = {
			isa = PBXGroup;
			children = (
				57E40FED2BEB1DFE00E34A03 /* Extensions */,
				576DD94C2BEA1BB8008392B7 /* Info.plist */,
				576DD94A2BEA1B73008392B7 /* Resources */,
				570991812BE9F1E000B765BE /* Model */,
				570991802BE9F19800B765BE /* View */,
				5709916B2BE9DE4B00B765BE /* FoodPinApp.swift */,
				5709916F2BE9DE4B00B765BE /* Item.swift */,
				570991712BE9DE4C00B765BE /* Assets.xcassets */,
				570991732BE9DE4C00B765BE /* FoodPin.entitlements */,
				570991742BE9DE4C00B765BE /* Preview Content */,
			);
			path = FoodPin;
			sourceTree = "<group>";
		};
		570991742BE9DE4C00B765BE /* Preview Content */ = {
			isa = PBXGroup;
			children = (
				570991752BE9DE4C00B765BE /* Preview Assets.xcassets */,
			);
			path = "Preview Content";
			sourceTree = "<group>";
		};
		570991802BE9F19800B765BE /* View */ = {
			isa = PBXGroup;
			children = (
				5709916D2BE9DE4B00B765BE /* RestaurantListView.swift */,
				5709917C2BE9E1CA00B765BE /* Section7WorkView.swift */,
				570991822BE9F29D00B765BE /* ActivityView.swift */,
				570991842BEA03F800B765BE /* RestaurantDetailView.swift */,
				57E40FF02BEB26C500E34A03 /* MapView.swift */,
				57E40FF22BEB362E00E34A03 /* ReviewView.swift */,
			);
			path = View;
			sourceTree = "<group>";
		};
		570991812BE9F1E000B765BE /* Model */ = {
			isa = PBXGroup;
			children = (
				5709917E2BE9E93300B765BE /* Restaurant.swift */,
			);
			path = Model;
			sourceTree = "<group>";
		};
		576DD94A2BEA1B73008392B7 /* Resources */ = {
			isa = PBXGroup;
			children = (
				576DD94B2BEA1B7F008392B7 /* Font */,
			);
			path = Resources;
			sourceTree = "<group>";
		};
		576DD94B2BEA1B7F008392B7 /* Font */ = {
			isa = PBXGroup;
			children = (
				576DD94E2BEA1C35008392B7 /* Nunito-Bold.ttf */,
				576DD94D2BEA1C35008392B7 /* Nunito-Regular.ttf */,
			);
			path = Font;
			sourceTree = "<group>";
		};
		57E40FED2BEB1DFE00E34A03 /* Extensions */ = {
			isa = PBXGroup;
			children = (
				57E40FEE2BEB1E1500E34A03 /* UIColor+Ext.swift */,
			);
			path = Extensions;
			sourceTree = "<group>";
		};
/* End PBXGroup section */

/* Begin PBXNativeTarget section */
		570991672BE9DE4B00B765BE /* FoodPin */ = {
			isa = PBXNativeTarget;
			buildConfigurationList = 570991792BE9DE4C00B765BE /* Build configuration list for PBXNativeTarget "FoodPin" */;
			buildPhases = (
				570991642BE9DE4B00B765BE /* Sources */,
				570991652BE9DE4B00B765BE /* Frameworks */,
				570991662BE9DE4B00B765BE /* Resources */,
			);
			buildRules = (
			);
			dependencies = (
			);
			name = FoodPin;
			productName = FoodPin;
			productReference = 570991682BE9DE4B00B765BE /* FoodPin.app */;
			productType = "com.apple.product-type.application";
		};
/* End PBXNativeTarget section */

/* Begin PBXProject section */
		570991602BE9DE4B00B765BE /* Project object */ = {
			isa = PBXProject;
			attributes = {
				BuildIndependentTargetsInParallel = 1;
				LastSwiftUpdateCheck = 1530;
				LastUpgradeCheck = 1530;
				TargetAttributes = {
					570991672BE9DE4B00B765BE = {
						CreatedOnToolsVersion = 15.3;
					};
				};
			};
			buildConfigurationList = 570991632BE9DE4B00B765BE /* Build configuration list for PBXProject "FoodPin" */;
			compatibilityVersion = "Xcode 14.0";
			developmentRegion = en;
			hasScannedForEncodings = 0;
			knownRegions = (
				en,
				Base,
			);
			mainGroup = 5709915F2BE9DE4B00B765BE;
			productRefGroup = 570991692BE9DE4B00B765BE /* Products */;
			projectDirPath = "";
			projectRoot = "";
			targets = (
				570991672BE9DE4B00B765BE /* FoodPin */,
			);
		};
/* End PBXProject section */

/* Begin PBXResourcesBuildPhase section */
		570991662BE9DE4B00B765BE /* Resources */ = {
			isa = PBXResourcesBuildPhase;
			buildActionMask = 2147483647;
			files = (
				576DD94F2BEA1C35008392B7 /* Nunito-Regular.ttf in Resources */,
				570991762BE9DE4C00B765BE /* Preview Assets.xcassets in Resources */,
				576DD9502BEA1C35008392B7 /* Nunito-Bold.ttf in Resources */,
				570991722BE9DE4C00B765BE /* Assets.xcassets in Resources */,
			);
			runOnlyForDeploymentPostprocessing = 0;
		};
/* End PBXResourcesBuildPhase section */

/* Begin PBXSourcesBuildPhase section */
		570991642BE9DE4B00B765BE /* Sources */ = {
			isa = PBXSourcesBuildPhase;
			buildActionMask = 2147483647;
			files = (
				57E40FF32BEB362E00E34A03 /* ReviewView.swift in Sources */,
				5709917F2BE9E93300B765BE /* Restaurant.swift in Sources */,
				570991852BEA03F800B765BE /* RestaurantDetailView.swift in Sources */,
				5709916E2BE9DE4B00B765BE /* RestaurantListView.swift in Sources */,
				570991702BE9DE4B00B765BE /* Item.swift in Sources */,
				5709916C2BE9DE4B00B765BE /* FoodPinApp.swift in Sources */,
				57E40FEF2BEB1E1500E34A03 /* UIColor+Ext.swift in Sources */,
				5709917D2BE9E1CA00B765BE /* Section7WorkView.swift in Sources */,
				57E40FF12BEB26C500E34A03 /* MapView.swift in Sources */,
				570991832BE9F29D00B765BE /* ActivityView.swift in Sources */,
			);
			runOnlyForDeploymentPostprocessing = 0;
		};
/* End PBXSourcesBuildPhase section */

/* Begin XCBuildConfiguration section */
		570991772BE9DE4C00B765BE /* Debug */ = {
			isa = XCBuildConfiguration;
			buildSettings = {
				ALWAYS_SEARCH_USER_PATHS = NO;
				ASSETCATALOG_COMPILER_GENERATE_SWIFT_ASSET_SYMBOL_EXTENSIONS = YES;
				CLANG_ANALYZER_NONNULL = YES;
				CLANG_ANALYZER_NUMBER_OBJECT_CONVERSION = YES_AGGRESSIVE;
				CLANG_CXX_LANGUAGE_STANDARD = "gnu++20";
				CLANG_ENABLE_MODULES = YES;
				CLANG_ENABLE_OBJC_ARC = YES;
				CLANG_ENABLE_OBJC_WEAK = YES;
				CLANG_WARN_BLOCK_CAPTURE_AUTORELEASING = YES;
				CLANG_WARN_BOOL_CONVERSION = YES;
				CLANG_WARN_COMMA = YES;
				CLANG_WARN_CONSTANT_CONVERSION = YES;
				CLANG_WARN_DEPRECATED_OBJC_IMPLEMENTATIONS = YES;
				CLANG_WARN_DIRECT_OBJC_ISA_USAGE = YES_ERROR;
				CLANG_WARN_DOCUMENTATION_COMMENTS = YES;
				CLANG_WARN_EMPTY_BODY = YES;
				CLANG_WARN_ENUM_CONVERSION = YES;
				CLANG_WARN_INFINITE_RECURSION = YES;
				CLANG_WARN_INT_CONVERSION = YES;
				CLANG_WARN_NON_LITERAL_NULL_CONVERSION = YES;
				CLANG_WARN_OBJC_IMPLICIT_RETAIN_SELF = YES;
				CLANG_WARN_OBJC_LITERAL_CONVERSION = YES;
				CLANG_WARN_OBJC_ROOT_CLASS = YES_ERROR;
				CLANG_WARN_QUOTED_INCLUDE_IN_FRAMEWORK_HEADER = YES;
				CLANG_WARN_RANGE_LOOP_ANALYSIS = YES;
				CLANG_WARN_STRICT_PROTOTYPES = YES;
				CLANG_WARN_SUSPICIOUS_MOVE = YES;
				CLANG_WARN_UNGUARDED_AVAILABILITY = YES_AGGRESSIVE;
				CLANG_WARN_UNREACHABLE_CODE = YES;
				CLANG_WARN__DUPLICATE_METHOD_MATCH = YES;
				COPY_PHASE_STRIP = NO;
				DEBUG_INFORMATION_FORMAT = dwarf;
				ENABLE_STRICT_OBJC_MSGSEND = YES;
				ENABLE_TESTABILITY = YES;
				ENABLE_USER_SCRIPT_SANDBOXING = YES;
				GCC_C_LANGUAGE_STANDARD = gnu17;
				GCC_DYNAMIC_NO_PIC = NO;
				GCC_NO_COMMON_BLOCKS = YES;
				GCC_OPTIMIZATION_LEVEL = 0;
				GCC_PREPROCESSOR_DEFINITIONS = (
					"DEBUG=1",
					"$(inherited)",
				);
				GCC_WARN_64_TO_32_BIT_CONVERSION = YES;
				GCC_WARN_ABOUT_RETURN_TYPE = YES_ERROR;
				GCC_WARN_UNDECLARED_SELECTOR = YES;
				GCC_WARN_UNINITIALIZED_AUTOS = YES_AGGRESSIVE;
				GCC_WARN_UNUSED_FUNCTION = YES;
				GCC_WARN_UNUSED_VARIABLE = YES;
				LOCALIZATION_PREFERS_STRING_CATALOGS = YES;
				MTL_ENABLE_DEBUG_INFO = INCLUDE_SOURCE;
				MTL_FAST_MATH = YES;
				ONLY_ACTIVE_ARCH = YES;
				SWIFT_ACTIVE_COMPILATION_CONDITIONS = "DEBUG $(inherited)";
				SWIFT_OPTIMIZATION_LEVEL = "-Onone";
			};
			name = Debug;
		};
		570991782BE9DE4C00B765BE /* Release */ = {
			isa = XCBuildConfiguration;
			buildSettings = {
				ALWAYS_SEARCH_USER_PATHS = NO;
				ASSETCATALOG_COMPILER_GENERATE_SWIFT_ASSET_SYMBOL_EXTENSIONS = YES;
				CLANG_ANALYZER_NONNULL = YES;
				CLANG_ANALYZER_NUMBER_OBJECT_CONVERSION = YES_AGGRESSIVE;
				CLANG_CXX_LANGUAGE_STANDARD = "gnu++20";
				CLANG_ENABLE_MODULES = YES;
				CLANG_ENABLE_OBJC_ARC = YES;
				CLANG_ENABLE_OBJC_WEAK = YES;
				CLANG_WARN_BLOCK_CAPTURE_AUTORELEASING = YES;
				CLANG_WARN_BOOL_CONVERSION = YES;
				CLANG_WARN_COMMA = YES;
				CLANG_WARN_CONSTANT_CONVERSION = YES;
				CLANG_WARN_DEPRECATED_OBJC_IMPLEMENTATIONS = YES;
				CLANG_WARN_DIRECT_OBJC_ISA_USAGE = YES_ERROR;
				CLANG_WARN_DOCUMENTATION_COMMENTS = YES;
				CLANG_WARN_EMPTY_BODY = YES;
				CLANG_WARN_ENUM_CONVERSION = YES;
				CLANG_WARN_INFINITE_RECURSION = YES;
				CLANG_WARN_INT_CONVERSION = YES;
				CLANG_WARN_NON_LITERAL_NULL_CONVERSION = YES;
				CLANG_WARN_OBJC_IMPLICIT_RETAIN_SELF = YES;
				CLANG_WARN_OBJC_LITERAL_CONVERSION = YES;
				CLANG_WARN_OBJC_ROOT_CLASS = YES_ERROR;
				CLANG_WARN_QUOTED_INCLUDE_IN_FRAMEWORK_HEADER = YES;
				CLANG_WARN_RANGE_LOOP_ANALYSIS = YES;
				CLANG_WARN_STRICT_PROTOTYPES = YES;
				CLANG_WARN_SUSPICIOUS_MOVE = YES;
				CLANG_WARN_UNGUARDED_AVAILABILITY = YES_AGGRESSIVE;
				CLANG_WARN_UNREACHABLE_CODE = YES;
				CLANG_WARN__DUPLICATE_METHOD_MATCH = YES;
				COPY_PHASE_STRIP = NO;
				DEBUG_INFORMATION_FORMAT = "dwarf-with-dsym";
				ENABLE_NS_ASSERTIONS = NO;
				ENABLE_STRICT_OBJC_MSGSEND = YES;
				ENABLE_USER_SCRIPT_SANDBOXING = YES;
				GCC_C_LANGUAGE_STANDARD = gnu17;
				GCC_NO_COMMON_BLOCKS = YES;
				GCC_WARN_64_TO_32_BIT_CONVERSION = YES;
				GCC_WARN_ABOUT_RETURN_TYPE = YES_ERROR;
				GCC_WARN_UNDECLARED_SELECTOR = YES;
				GCC_WARN_UNINITIALIZED_AUTOS = YES_AGGRESSIVE;
				GCC_WARN_UNUSED_FUNCTION = YES;
				GCC_WARN_UNUSED_VARIABLE = YES;
				LOCALIZATION_PREFERS_STRING_CATALOGS = YES;
				MTL_ENABLE_DEBUG_INFO = NO;
				MTL_FAST_MATH = YES;
				SWIFT_COMPILATION_MODE = wholemodule;
			};
			name = Release;
		};
		5709917A2BE9DE4C00B765BE /* Debug */ = {
			isa = XCBuildConfiguration;
			buildSettings = {
				ASSETCATALOG_COMPILER_APPICON_NAME = AppIcon;
				ASSETCATALOG_COMPILER_GLOBAL_ACCENT_COLOR_NAME = AccentColor;
				CODE_SIGN_ENTITLEMENTS = FoodPin/FoodPin.entitlements;
				CODE_SIGN_STYLE = Automatic;
				CURRENT_PROJECT_VERSION = 1;
				DEVELOPMENT_ASSET_PATHS = "\"FoodPin/Preview Content\"";
				DEVELOPMENT_TEAM = 9UT45R8PU2;
				ENABLE_HARDENED_RUNTIME = YES;
				ENABLE_PREVIEWS = YES;
				GENERATE_INFOPLIST_FILE = YES;
				INFOPLIST_FILE = FoodPin/Info.plist;
				"INFOPLIST_KEY_UIApplicationSceneManifest_Generation[sdk=iphoneos*]" = YES;
				"INFOPLIST_KEY_UIApplicationSceneManifest_Generation[sdk=iphonesimulator*]" = YES;
				"INFOPLIST_KEY_UIApplicationSupportsIndirectInputEvents[sdk=iphoneos*]" = YES;
				"INFOPLIST_KEY_UIApplicationSupportsIndirectInputEvents[sdk=iphonesimulator*]" = YES;
				"INFOPLIST_KEY_UILaunchScreen_Generation[sdk=iphoneos*]" = YES;
				"INFOPLIST_KEY_UILaunchScreen_Generation[sdk=iphonesimulator*]" = YES;
				"INFOPLIST_KEY_UIStatusBarStyle[sdk=iphoneos*]" = UIStatusBarStyleDefault;
				"INFOPLIST_KEY_UIStatusBarStyle[sdk=iphonesimulator*]" = UIStatusBarStyleDefault;
				INFOPLIST_KEY_UISupportedInterfaceOrientations_iPad = "UIInterfaceOrientationPortrait UIInterfaceOrientationPortraitUpsideDown UIInterfaceOrientationLandscapeLeft UIInterfaceOrientationLandscapeRight";
				INFOPLIST_KEY_UISupportedInterfaceOrientations_iPhone = "UIInterfaceOrientationPortrait UIInterfaceOrientationLandscapeLeft UIInterfaceOrientationLandscapeRight";
				IPHONEOS_DEPLOYMENT_TARGET = 17.4;
				LD_RUNPATH_SEARCH_PATHS = "@executable_path/Frameworks";
				"LD_RUNPATH_SEARCH_PATHS[sdk=macosx*]" = "@executable_path/../Frameworks";
				MACOSX_DEPLOYMENT_TARGET = 14.0;
				MARKETING_VERSION = 1.0;
				PRODUCT_BUNDLE_IDENTIFIER = life.dreamful.FoodPin;
				PRODUCT_NAME = "$(TARGET_NAME)";
				SDKROOT = auto;
				SUPPORTED_PLATFORMS = "iphoneos iphonesimulator macosx";
				SWIFT_EMIT_LOC_STRINGS = YES;
				SWIFT_VERSION = 5.0;
				TARGETED_DEVICE_FAMILY = "1,2";
			};
			name = Debug;
		};
		5709917B2BE9DE4C00B765BE /* Release */ = {
			isa = XCBuildConfiguration;
			buildSettings = {
				ASSETCATALOG_COMPILER_APPICON_NAME = AppIcon;
				ASSETCATALOG_COMPILER_GLOBAL_ACCENT_COLOR_NAME = AccentColor;
				CODE_SIGN_ENTITLEMENTS = FoodPin/FoodPin.entitlements;
				CODE_SIGN_STYLE = Automatic;
				CURRENT_PROJECT_VERSION = 1;
				DEVELOPMENT_ASSET_PATHS = "\"FoodPin/Preview Content\"";
				DEVELOPMENT_TEAM = 9UT45R8PU2;
				ENABLE_HARDENED_RUNTIME = YES;
				ENABLE_PREVIEWS = YES;
				GENERATE_INFOPLIST_FILE = YES;
				INFOPLIST_FILE = FoodPin/Info.plist;
				"INFOPLIST_KEY_UIApplicationSceneManifest_Generation[sdk=iphoneos*]" = YES;
				"INFOPLIST_KEY_UIApplicationSceneManifest_Generation[sdk=iphonesimulator*]" = YES;
				"INFOPLIST_KEY_UIApplicationSupportsIndirectInputEvents[sdk=iphoneos*]" = YES;
				"INFOPLIST_KEY_UIApplicationSupportsIndirectInputEvents[sdk=iphonesimulator*]" = YES;
				"INFOPLIST_KEY_UILaunchScreen_Generation[sdk=iphoneos*]" = YES;
				"INFOPLIST_KEY_UILaunchScreen_Generation[sdk=iphonesimulator*]" = YES;
				"INFOPLIST_KEY_UIStatusBarStyle[sdk=iphoneos*]" = UIStatusBarStyleDefault;
				"INFOPLIST_KEY_UIStatusBarStyle[sdk=iphonesimulator*]" = UIStatusBarStyleDefault;
				INFOPLIST_KEY_UISupportedInterfaceOrientations_iPad = "UIInterfaceOrientationPortrait UIInterfaceOrientationPortraitUpsideDown UIInterfaceOrientationLandscapeLeft UIInterfaceOrientationLandscapeRight";
				INFOPLIST_KEY_UISupportedInterfaceOrientations_iPhone = "UIInterfaceOrientationPortrait UIInterfaceOrientationLandscapeLeft UIInterfaceOrientationLandscapeRight";
				IPHONEOS_DEPLOYMENT_TARGET = 17.4;
				LD_RUNPATH_SEARCH_PATHS = "@executable_path/Frameworks";
				"LD_RUNPATH_SEARCH_PATHS[sdk=macosx*]" = "@executable_path/../Frameworks";
				MACOSX_DEPLOYMENT_TARGET = 14.0;
				MARKETING_VERSION = 1.0;
				PRODUCT_BUNDLE_IDENTIFIER = life.dreamful.FoodPin;
				PRODUCT_NAME = "$(TARGET_NAME)";
				SDKROOT = auto;
				SUPPORTED_PLATFORMS = "iphoneos iphonesimulator macosx";
				SWIFT_EMIT_LOC_STRINGS = YES;
				SWIFT_VERSION = 5.0;
				TARGETED_DEVICE_FAMILY = "1,2";
			};
			name = Release;
		};
/* End XCBuildConfiguration section */

/* Begin XCConfigurationList section */
		570991632BE9DE4B00B765BE /* Build configuration list for PBXProject "FoodPin" */ = {
			isa = XCConfigurationList;
			buildConfigurations = (
				570991772BE9DE4C00B765BE /* Debug */,
				570991782BE9DE4C00B765BE /* Release */,
			);
			defaultConfigurationIsVisible = 0;
			defaultConfigurationName = Release;
		};
		570991792BE9DE4C00B765BE /* Build configuration list for PBXNativeTarget "FoodPin" */ = {
			isa = XCConfigurationList;
			buildConfigurations = (
				5709917A2BE9DE4C00B765BE /* Debug */,
				5709917B2BE9DE4C00B765BE /* Release */,
			);
			defaultConfigurationIsVisible = 0;
			defaultConfigurationName = Release;
		};
/* End XCConfigurationList section */
	};
	rootObject = 570991602BE9DE4B00B765BE /* Project object */;
}
